
Microsoft Visual Studio Solution File, Format Version 12.00
# Visual Studio 2012
Project("{FAE04EC0-301F-11D3-BF4B-00C04F79EFBC}") = "T4WPF.TestWpfBrowserApp", "T4WPF.TestWpfBrowserApp.csproj", "{3DFBFDA3-712F-43E5-AF74-D3186C6A4FA7}"
EndProject
Global
	GlobalSection(SolutionConfigurationPlatforms) = preSolution
		Debug|Any CPU = Debug|Any CPU
		Release|Any CPU = Release|Any CPU
	EndGlobalSection
	GlobalSection(ProjectConfigurationPlatforms) = postSolution
		{3DFBFDA3-712F-43E5-AF74-D3186C6A4FA7}.Debug|Any CPU.ActiveCfg = Debug|Any CPU
		{3DFBFDA3-712F-43E5-AF74-D3186C6A4FA7}.Debug|Any CPU.Build.0 = Debug|Any CPU
		{3DFBFDA3-712F-43E5-AF74-D3186C6A4FA7}.Release|Any CPU.ActiveCfg = Release|Any CPU
		{3DFBFDA3-712F-43E5-AF74-D3186C6A4FA7}.Release|Any CPU.Build.0 = Release|Any CPU
	EndGlobalSection
	GlobalSection(SolutionProperties) = preSolution
		HideSolutionNode = FALSE
	EndGlobalSection
EndGlobal
